
Microsoft Visual Studio Solution File, Format Version 12.00
# Visual Studio Version 17
VisualStudioVersion = 17.8.34322.80
MinimumVisualStudioVersion = 10.0.40219.1
Project("{FAE04EC0-301F-11D3-BF4B-00C04F79EFBC}") = "LagerStyringsSystem", "LagerStyringsSystem\LagerStyringsSystem.csproj", "{849D98EA-0488-46E7-B6C9-28D15186E45F}"
EndProject
Global
	GlobalSection(SolutionConfigurationPlatforms) = preSolution
		Debug|Any CPU = Debug|Any CPU
		Release|Any CPU = Release|Any CPU
	EndGlobalSection
	GlobalSection(ProjectConfigurationPlatforms) = postSolution
		{849D98EA-0488-46E7-B6C9-28D15186E45F}.Debug|Any CPU.ActiveCfg = Debug|Any CPU
		{849D98EA-0488-46E7-B6C9-28D15186E45F}.Debug|Any CPU.Build.0 = Debug|Any CPU
		{849D98EA-0488-46E7-B6C9-28D15186E45F}.Release|Any CPU.ActiveCfg = Release|Any CPU
		{849D98EA-0488-46E7-B6C9-28D15186E45F}.Release|Any CPU.Build.0 = Release|Any CPU
	EndGlobalSection
	GlobalSection(SolutionProperties) = preSolution
		HideSolutionNode = FALSE
	EndGlobalSection
	GlobalSection(ExtensibilityGlobals) = postSolution
		SolutionGuid = {A0D258EA-EB25-4384-AD7C-3B5984B80D41}
	EndGlobalSection
EndGlobal
